// !$*UTF8*$!
{
	archiveVersion = 1;
	classes = {
	};
	objectVersion = 56;
	objects = {

/* Begin PBXBuildFile section */
		0D971FFE2B9F7D77007CB210 /* AppDelegate.swift in Sources */ = {isa = PBXBuildFile; fileRef = 0D971FFD2B9F7D77007CB210 /* AppDelegate.swift */; };
		0D9720002B9F7D77007CB210 /* SceneDelegate.swift in Sources */ = {isa = PBXBuildFile; fileRef = 0D971FFF2B9F7D77007CB210 /* SceneDelegate.swift */; };
		0D9720022B9F7D77007CB210 /* ViewController.swift in Sources */ = {isa = PBXBuildFile; fileRef = 0D9720012B9F7D77007CB210 /* ViewController.swift */; };
		0D9720052B9F7D77007CB210 /* Main.storyboard in Resources */ = {isa = PBXBuildFile; fileRef = 0D9720032B9F7D77007CB210 /* Main.storyboard */; };
		0D9720072B9F7D78007CB210 /* Assets.xcassets in Resources */ = {isa = PBXBuildFile; fileRef = 0D9720062B9F7D78007CB210 /* Assets.xcassets */; };
		0D97200A2B9F7D78007CB210 /* LaunchScreen.storyboard in Resources */ = {isa = PBXBuildFile; fileRef = 0D9720082B9F7D78007CB210 /* LaunchScreen.storyboard */; };
		0D9720152B9F7D78007CB210 /* Sanjay_Sharma_MT_8890604Tests.swift in Sources */ = {isa = PBXBuildFile; fileRef = 0D9720142B9F7D78007CB210 /* Sanjay_Sharma_MT_8890604Tests.swift */; };
		0D97201F2B9F7D78007CB210 /* Sanjay_Sharma_MT_8890604UITests.swift in Sources */ = {isa = PBXBuildFile; fileRef = 0D97201E2B9F7D78007CB210 /* Sanjay_Sharma_MT_8890604UITests.swift */; };
		0D9720212B9F7D78007CB210 /* Sanjay_Sharma_MT_8890604UITestsLaunchTests.swift in Sources */ = {isa = PBXBuildFile; fileRef = 0D9720202B9F7D78007CB210 /* Sanjay_Sharma_MT_8890604UITestsLaunchTests.swift */; };
		0D97202E2B9F8602007CB210 /* CanadaViewController.swift in Sources */ = {isa = PBXBuildFile; fileRef = 0D97202D2B9F8602007CB210 /* CanadaViewController.swift */; };
		0D9720302B9F9ECD007CB210 /* QuadraticViewController.swift in Sources */ = {isa = PBXBuildFile; fileRef = 0D97202F2B9F9ECD007CB210 /* QuadraticViewController.swift */; };
		0D9720322B9FA12B007CB210 /* Lab2ViewController.swift in Sources */ = {isa = PBXBuildFile; fileRef = 0D9720312B9FA12B007CB210 /* Lab2ViewController.swift */; };
		0D9720342B9FA2E8007CB210 /* Lab3ViewController.swift in Sources */ = {isa = PBXBuildFile; fileRef = 0D9720332B9FA2E8007CB210 /* Lab3ViewController.swift */; };
/* End PBXBuildFile section */

/* Begin PBXContainerItemProxy section */
		0D9720112B9F7D78007CB210 /* PBXContainerItemProxy */ = {
			isa = PBXContainerItemProxy;
			containerPortal = 0D971FF22B9F7D77007CB210 /* Project object */;
			proxyType = 1;
			remoteGlobalIDString = 0D971FF92B9F7D77007CB210;
			remoteInfo = Sanjay_Sharma_MT_8890604;
		};
		0D97201B2B9F7D78007CB210 /* PBXContainerItemProxy */ = {
			isa = PBXContainerItemProxy;
			containerPortal = 0D971FF22B9F7D77007CB210 /* Project object */;
			proxyType = 1;
			remoteGlobalIDString = 0D971FF92B9F7D77007CB210;
			remoteInfo = Sanjay_Sharma_MT_8890604;
		};
/* End PBXContainerItemProxy section */

/* Begin PBXFileReference section */
		0D971FFA2B9F7D77007CB210 /* Sanjay_Sharma_MT_8890604.app */ = {isa = PBXFileReference; explicitFileType = wrapper.application; includeInIndex = 0; path = Sanjay_Sharma_MT_8890604.app; sourceTree = BUILT_PRODUCTS_DIR; };
		0D971FFD2B9F7D77007CB210 /* AppDelegate.swift */ = {isa = PBXFileReference; lastKnownFileType = sourcecode.swift; path = AppDelegate.swift; sourceTree = "<group>"; };
		0D971FFF2B9F7D77007CB210 /* SceneDelegate.swift */ = {isa = PBXFileReference; lastKnownFileType = sourcecode.swift; path = SceneDelegate.swift; sourceTree = "<group>"; };
		0D9720012B9F7D77007CB210 /* ViewController.swift */ = {isa = PBXFileReference; lastKnownFileType = sourcecode.swift; path = ViewController.swift; sourceTree = "<group>"; };
		0D9720042B9F7D77007CB210 /* Base */ = {isa = PBXFileReference; lastKnownFileType = file.storyboard; name = Base; path = Base.lproj/Main.storyboard; sourceTree = "<group>"; };
		0D9720062B9F7D78007CB210 /* Assets.xcassets */ = {isa = PBXFileReference; lastKnownFileType = folder.assetcatalog; path = Assets.xcassets; sourceTree = "<group>"; };
		0D9720092B9F7D78007CB210 /* Base */ = {isa = PBXFileReference; lastKnownFileType = file.storyboard; name = Base; path = Base.lproj/LaunchScreen.storyboard; sourceTree = "<group>"; };
		0D97200B2B9F7D78007CB210 /* Info.plist */ = {isa = PBXFileReference; lastKnownFileType = text.plist.xml; path = Info.plist; sourceTree = "<group>"; };
		0D9720102B9F7D78007CB210 /* Sanjay_Sharma_MT_8890604Tests.xctest */ = {isa = PBXFileReference; explicitFileType = wrapper.cfbundle; includeInIndex = 0; path = Sanjay_Sharma_MT_8890604Tests.xctest; sourceTree = BUILT_PRODUCTS_DIR; };
		0D9720142B9F7D78007CB210 /* Sanjay_Sharma_MT_8890604Tests.swift */ = {isa = PBXFileReference; lastKnownFileType = sourcecode.swift; path = Sanjay_Sharma_MT_8890604Tests.swift; sourceTree = "<group>"; };
		0D97201A2B9F7D78007CB210 /* Sanjay_Sharma_MT_8890604UITests.xctest */ = {isa = PBXFileReference; explicitFileType = wrapper.cfbundle; includeInIndex = 0; path = Sanjay_Sharma_MT_8890604UITests.xctest; sourceTree = BUILT_PRODUCTS_DIR; };
		0D97201E2B9F7D78007CB210 /* Sanjay_Sharma_MT_8890604UITests.swift */ = {isa = PBXFileReference; lastKnownFileType = sourcecode.swift; path = Sanjay_Sharma_MT_8890604UITests.swift; sourceTree = "<group>"; };
		0D9720202B9F7D78007CB210 /* Sanjay_Sharma_MT_8890604UITestsLaunchTests.swift */ = {isa = PBXFileReference; lastKnownFileType = sourcecode.swift; path = Sanjay_Sharma_MT_8890604UITestsLaunchTests.swift; sourceTree = "<group>"; };
		0D97202D2B9F8602007CB210 /* CanadaViewController.swift */ = {isa = PBXFileReference; lastKnownFileType = sourcecode.swift; path = CanadaViewController.swift; sourceTree = "<group>"; };
		0D97202F2B9F9ECD007CB210 /* QuadraticViewController.swift */ = {isa = PBXFileReference; lastKnownFileType = sourcecode.swift; path = QuadraticViewController.swift; sourceTree = "<group>"; };
		0D9720312B9FA12B007CB210 /* Lab2ViewController.swift */ = {isa = PBXFileReference; lastKnownFileType = sourcecode.swift; path = Lab2ViewController.swift; sourceTree = "<group>"; };
		0D9720332B9FA2E8007CB210 /* Lab3ViewController.swift */ = {isa = PBXFileReference; lastKnownFileType = sourcecode.swift; path = Lab3ViewController.swift; sourceTree = "<group>"; };
/* End PBXFileReference section */

/* Begin PBXFrameworksBuildPhase section */
		0D971FF72B9F7D77007CB210 /* Frameworks */ = {
			isa = PBXFrameworksBuildPhase;
			buildActionMask = 2147483647;
			files = (
			);
			runOnlyForDeploymentPostprocessing = 0;
		};
		0D97200D2B9F7D78007CB210 /* Frameworks */ = {
			isa = PBXFrameworksBuildPhase;
			buildActionMask = 2147483647;
			files = (
			);
			runOnlyForDeploymentPostprocessing = 0;
		};
		0D9720172B9F7D78007CB210 /* Frameworks */ = {
			isa = PBXFrameworksBuildPhase;
			buildActionMask = 2147483647;
			files = (
			);
			runOnlyForDeploymentPostprocessing = 0;
		};
/* End PBXFrameworksBuildPhase section */

/* Begin PBXGroup section */
		0D971FF12B9F7D77007CB210 = {
			isa = PBXGroup;
			children = (
				0D971FFC2B9F7D77007CB210 /* Sanjay_Sharma_MT_8890604 */,
				0D9720132B9F7D78007CB210 /* Sanjay_Sharma_MT_8890604Tests */,
				0D97201D2B9F7D78007CB210 /* Sanjay_Sharma_MT_8890604UITests */,
				0D971FFB2B9F7D77007CB210 /* Products */,
			);
			sourceTree = "<group>";
		};
		0D971FFB2B9F7D77007CB210 /* Products */ = {
			isa = PBXGroup;
			children = (
				0D971FFA2B9F7D77007CB210 /* Sanjay_Sharma_MT_8890604.app */,
				0D9720102B9F7D78007CB210 /* Sanjay_Sharma_MT_8890604Tests.xctest */,
				0D97201A2B9F7D78007CB210 /* Sanjay_Sharma_MT_8890604UITests.xctest */,
			);
			name = Products;
			sourceTree = "<group>";
		};
		0D971FFC2B9F7D77007CB210 /* Sanjay_Sharma_MT_8890604 */ = {
			isa = PBXGroup;
			children = (
				0D971FFD2B9F7D77007CB210 /* AppDelegate.swift */,
				0D971FFF2B9F7D77007CB210 /* SceneDelegate.swift */,
				0D9720012B9F7D77007CB210 /* ViewController.swift */,
				0D9720032B9F7D77007CB210 /* Main.storyboard */,
				0D9720332B9FA2E8007CB210 /* Lab3ViewController.swift */,
				0D9720312B9FA12B007CB210 /* Lab2ViewController.swift */,
				0D97202F2B9F9ECD007CB210 /* QuadraticViewController.swift */,
				0D97202D2B9F8602007CB210 /* CanadaViewController.swift */,
				0D9720062B9F7D78007CB210 /* Assets.xcassets */,
				0D9720082B9F7D78007CB210 /* LaunchScreen.storyboard */,
				0D97200B2B9F7D78007CB210 /* Info.plist */,
			);
			path = Sanjay_Sharma_MT_8890604;
			sourceTree = "<group>";
		};
		0D9720132B9F7D78007CB210 /* Sanjay_Sharma_MT_8890604Tests */ = {
			isa = PBXGroup;
			children = (
				0D9720142B9F7D78007CB210 /* Sanjay_Sharma_MT_8890604Tests.swift */,
			);
			path = Sanjay_Sharma_MT_8890604Tests;
			sourceTree = "<group>";
		};
		0D97201D2B9F7D78007CB210 /* Sanjay_Sharma_MT_8890604UITests */ = {
			isa = PBXGroup;
			children = (
				0D97201E2B9F7D78007CB210 /* Sanjay_Sharma_MT_8890604UITests.swift */,
				0D9720202B9F7D78007CB210 /* Sanjay_Sharma_MT_8890604UITestsLaunchTests.swift */,
			);
			path = Sanjay_Sharma_MT_8890604UITests;
			sourceTree = "<group>";
		};
/* End PBXGroup section */

/* Begin PBXNativeTarget section */
		0D971FF92B9F7D77007CB210 /* Sanjay_Sharma_MT_8890604 */ = {
			isa = PBXNativeTarget;
			buildConfigurationList = 0D9720242B9F7D78007CB210 /* Build configuration list for PBXNativeTarget "Sanjay_Sharma_MT_8890604" */;
			buildPhases = (
				0D971FF62B9F7D77007CB210 /* Sources */,
				0D971FF72B9F7D77007CB210 /* Frameworks */,
				0D971FF82B9F7D77007CB210 /* Resources */,
			);
			buildRules = (
			);
			dependencies = (
			);
			name = Sanjay_Sharma_MT_8890604;
			productName = Sanjay_Sharma_MT_8890604;
			productReference = 0D971FFA2B9F7D77007CB210 /* Sanjay_Sharma_MT_8890604.app */;
			productType = "com.apple.product-type.application";
		};
		0D97200F2B9F7D78007CB210 /* Sanjay_Sharma_MT_8890604Tests */ = {
			isa = PBXNativeTarget;
			buildConfigurationList = 0D9720272B9F7D78007CB210 /* Build configuration list for PBXNativeTarget "Sanjay_Sharma_MT_8890604Tests" */;
			buildPhases = (
				0D97200C2B9F7D78007CB210 /* Sources */,
				0D97200D2B9F7D78007CB210 /* Frameworks */,
				0D97200E2B9F7D78007CB210 /* Resources */,
			);
			buildRules = (
			);
			dependencies = (
				0D9720122B9F7D78007CB210 /* PBXTargetDependency */,
			);
			name = Sanjay_Sharma_MT_8890604Tests;
			productName = Sanjay_Sharma_MT_8890604Tests;
			productReference = 0D9720102B9F7D78007CB210 /* Sanjay_Sharma_MT_8890604Tests.xctest */;
			productType = "com.apple.product-type.bundle.unit-test";
		};
		0D9720192B9F7D78007CB210 /* Sanjay_Sharma_MT_8890604UITests */ = {
			isa = PBXNativeTarget;
			buildConfigurationList = 0D97202A2B9F7D78007CB210 /* Build configuration list for PBXNativeTarget "Sanjay_Sharma_MT_8890604UITests" */;
			buildPhases = (
				0D9720162B9F7D78007CB210 /* Sources */,
				0D9720172B9F7D78007CB210 /* Frameworks */,
				0D9720182B9F7D78007CB210 /* Resources */,
			);
			buildRules = (
			);
			dependencies = (
				0D97201C2B9F7D78007CB210 /* PBXTargetDependency */,
			);
			name = Sanjay_Sharma_MT_8890604UITests;
			productName = Sanjay_Sharma_MT_8890604UITests;
			productReference = 0D97201A2B9F7D78007CB210 /* Sanjay_Sharma_MT_8890604UITests.xctest */;
			productType = "com.apple.product-type.bundle.ui-testing";
		};
/* End PBXNativeTarget section */

/* Begin PBXProject section */
		0D971FF22B9F7D77007CB210 /* Project object */ = {
			isa = PBXProject;
			attributes = {
				BuildIndependentTargetsInParallel = 1;
				LastSwiftUpdateCheck = 1420;
				LastUpgradeCheck = 1420;
				TargetAttributes = {
					0D971FF92B9F7D77007CB210 = {
						CreatedOnToolsVersion = 14.2;
					};
					0D97200F2B9F7D78007CB210 = {
						CreatedOnToolsVersion = 14.2;
						TestTargetID = 0D971FF92B9F7D77007CB210;
					};
					0D9720192B9F7D78007CB210 = {
						CreatedOnToolsVersion = 14.2;
						TestTargetID = 0D971FF92B9F7D77007CB210;
					};
				};
			};
			buildConfigurationList = 0D971FF52B9F7D77007CB210 /* Build configuration list for PBXProject "Sanjay_Sharma_MT_8890604" */;
			compatibilityVersion = "Xcode 14.0";
			developmentRegion = en;
			hasScannedForEncodings = 0;
			knownRegions = (
				en,
				Base,
			);
			mainGroup = 0D971FF12B9F7D77007CB210;
			productRefGroup = 0D971FFB2B9F7D77007CB210 /* Products */;
			projectDirPath = "";
			projectRoot = "";
			targets = (
				0D971FF92B9F7D77007CB210 /* Sanjay_Sharma_MT_8890604 */,
				0D97200F2B9F7D78007CB210 /* Sanjay_Sharma_MT_8890604Tests */,
				0D9720192B9F7D78007CB210 /* Sanjay_Sharma_MT_8890604UITests */,
			);
		};
/* End PBXProject section */

/* Begin PBXResourcesBuildPhase section */
		0D971FF82B9F7D77007CB210 /* Resources */ = {
			isa = PBXResourcesBuildPhase;
			buildActionMask = 2147483647;
			files = (
				0D97200A2B9F7D78007CB210 /* LaunchScreen.storyboard in Resources */,
				0D9720072B9F7D78007CB210 /* Assets.xcassets in Resources */,
				0D9720052B9F7D77007CB210 /* Main.storyboard in Resources */,
			);
			runOnlyForDeploymentPostprocessing = 0;
		};
		0D97200E2B9F7D78007CB210 /* Resources */ = {
			isa = PBXResourcesBuildPhase;
			buildActionMask = 2147483647;
			files = (
			);
			runOnlyForDeploymentPostprocessing = 0;
		};
		0D9720182B9F7D78007CB210 /* Resources */ = {
			isa = PBXResourcesBuildPhase;
			buildActionMask = 2147483647;
			files = (
			);
			runOnlyForDeploymentPostprocessing = 0;
		};
/* End PBXResourcesBuildPhase section */

/* Begin PBXSourcesBuildPhase section */
		0D971FF62B9F7D77007CB210 /* Sources */ = {
			isa = PBXSourcesBuildPhase;
			buildActionMask = 2147483647;
			files = (
				0D97202E2B9F8602007CB210 /* CanadaViewController.swift in Sources */,
				0D9720022B9F7D77007CB210 /* ViewController.swift in Sources */,
				0D971FFE2B9F7D77007CB210 /* AppDelegate.swift in Sources */,
				0D9720322B9FA12B007CB210 /* Lab2ViewController.swift in Sources */,
				0D9720342B9FA2E8007CB210 /* Lab3ViewController.swift in Sources */,
				0D9720302B9F9ECD007CB210 /* QuadraticViewController.swift in Sources */,
				0D9720002B9F7D77007CB210 /* SceneDelegate.swift in Sources */,
			);
			runOnlyForDeploymentPostprocessing = 0;
		};
		0D97200C2B9F7D78007CB210 /* Sources */ = {
			isa = PBXSourcesBuildPhase;
			buildActionMask = 2147483647;
			files = (
				0D9720152B9F7D78007CB210 /* Sanjay_Sharma_MT_8890604Tests.swift in Sources */,
			);
			runOnlyForDeploymentPostprocessing = 0;
		};
		0D9720162B9F7D78007CB210 /* Sources */ = {
			isa = PBXSourcesBuildPhase;
			buildActionMask = 2147483647;
			files = (
				0D97201F2B9F7D78007CB210 /* Sanjay_Sharma_MT_8890604UITests.swift in Sources */,
				0D9720212B9F7D78007CB210 /* Sanjay_Sharma_MT_8890604UITestsLaunchTests.swift in Sources */,
			);
			runOnlyForDeploymentPostprocessing = 0;
		};
/* End PBXSourcesBuildPhase section */

/* Begin PBXTargetDependency section */
		0D9720122B9F7D78007CB210 /* PBXTargetDependency */ = {
			isa = PBXTargetDependency;
			target = 0D971FF92B9F7D77007CB210 /* Sanjay_Sharma_MT_8890604 */;
			targetProxy = 0D9720112B9F7D78007CB210 /* PBXContainerItemProxy */;
		};
		0D97201C2B9F7D78007CB210 /* PBXTargetDependency */ = {
			isa = PBXTargetDependency;
			target = 0D971FF92B9F7D77007CB210 /* Sanjay_Sharma_MT_8890604 */;
			targetProxy = 0D97201B2B9F7D78007CB210 /* PBXContainerItemProxy */;
		};
/* End PBXTargetDependency section */

/* Begin PBXVariantGroup section */
		0D9720032B9F7D77007CB210 /* Main.storyboard */ = {
			isa = PBXVariantGroup;
			children = (
				0D9720042B9F7D77007CB210 /* Base */,
			);
			name = Main.storyboard;
			sourceTree = "<group>";
		};
		0D9720082B9F7D78007CB210 /* LaunchScreen.storyboard */ = {
			isa = PBXVariantGroup;
			children = (
				0D9720092B9F7D78007CB210 /* Base */,
			);
			name = LaunchScreen.storyboard;
			sourceTree = "<group>";
		};
/* End PBXVariantGroup section */

/* Begin XCBuildConfiguration section */
		0D9720222B9F7D78007CB210 /* Debug */ = {
			isa = XCBuildConfiguration;
			buildSettings = {
				ALWAYS_SEARCH_USER_PATHS = NO;
				CLANG_ANALYZER_NONNULL = YES;
				CLANG_ANALYZER_NUMBER_OBJECT_CONVERSION = YES_AGGRESSIVE;
				CLANG_CXX_LANGUAGE_STANDARD = "gnu++20";
				CLANG_ENABLE_MODULES = YES;
				CLANG_ENABLE_OBJC_ARC = YES;
				CLANG_ENABLE_OBJC_WEAK = YES;
				CLANG_WARN_BLOCK_CAPTURE_AUTORELEASING = YES;
				CLANG_WARN_BOOL_CONVERSION = YES;
				CLANG_WARN_COMMA = YES;
				CLANG_WARN_CONSTANT_CONVERSION = YES;
				CLANG_WARN_DEPRECATED_OBJC_IMPLEMENTATIONS = YES;
				CLANG_WARN_DIRECT_OBJC_ISA_USAGE = YES_ERROR;
				CLANG_WARN_DOCUMENTATION_COMMENTS = YES;
				CLANG_WARN_EMPTY_BODY = YES;
				CLANG_WARN_ENUM_CONVERSION = YES;
				CLANG_WARN_INFINITE_RECURSION = YES;
				CLANG_WARN_INT_CONVERSION = YES;
				CLANG_WARN_NON_LITERAL_NULL_CONVERSION = YES;
				CLANG_WARN_OBJC_IMPLICIT_RETAIN_SELF = YES;
				CLANG_WARN_OBJC_LITERAL_CONVERSION = YES;
				CLANG_WARN_OBJC_ROOT_CLASS = YES_ERROR;
				CLANG_WARN_QUOTED_INCLUDE_IN_FRAMEWORK_HEADER = YES;
				CLANG_WARN_RANGE_LOOP_ANALYSIS = YES;
				CLANG_WARN_STRICT_PROTOTYPES = YES;
				CLANG_WARN_SUSPICIOUS_MOVE = YES;
				CLANG_WARN_UNGUARDED_AVAILABILITY = YES_AGGRESSIVE;
				CLANG_WARN_UNREACHABLE_CODE = YES;
				CLANG_WARN__DUPLICATE_METHOD_MATCH = YES;
				COPY_PHASE_STRIP = NO;
				DEBUG_INFORMATION_FORMAT = dwarf;
				ENABLE_STRICT_OBJC_MSGSEND = YES;
				ENABLE_TESTABILITY = YES;
				GCC_C_LANGUAGE_STANDARD = gnu11;
				GCC_DYNAMIC_NO_PIC = NO;
				GCC_NO_COMMON_BLOCKS = YES;
				GCC_OPTIMIZATION_LEVEL = 0;
				GCC_PREPROCESSOR_DEFINITIONS = (
					"DEBUG=1",
					"$(inherited)",
				);
				GCC_WARN_64_TO_32_BIT_CONVERSION = YES;
				GCC_WARN_ABOUT_RETURN_TYPE = YES_ERROR;
				GCC_WARN_UNDECLARED_SELECTOR = YES;
				GCC_WARN_UNINITIALIZED_AUTOS = YES_AGGRESSIVE;
				GCC_WARN_UNUSED_FUNCTION = YES;
				GCC_WARN_UNUSED_VARIABLE = YES;
				IPHONEOS_DEPLOYMENT_TARGET = 16.2;
				MTL_ENABLE_DEBUG_INFO = INCLUDE_SOURCE;
				MTL_FAST_MATH = YES;
				ONLY_ACTIVE_ARCH = YES;
				SDKROOT = iphoneos;
				SWIFT_ACTIVE_COMPILATION_CONDITIONS = DEBUG;
				SWIFT_OPTIMIZATION_LEVEL = "-Onone";
			};
			name = Debug;
		};
		0D9720232B9F7D78007CB210 /* Release */ = {
			isa = XCBuildConfiguration;
			buildSettings = {
				ALWAYS_SEARCH_USER_PATHS = NO;
				CLANG_ANALYZER_NONNULL = YES;
				CLANG_ANALYZER_NUMBER_OBJECT_CONVERSION = YES_AGGRESSIVE;
				CLANG_CXX_LANGUAGE_STANDARD = "gnu++20";
				CLANG_ENABLE_MODULES = YES;
				CLANG_ENABLE_OBJC_ARC = YES;
				CLANG_ENABLE_OBJC_WEAK = YES;
				CLANG_WARN_BLOCK_CAPTURE_AUTORELEASING = YES;
				CLANG_WARN_BOOL_CONVERSION = YES;
				CLANG_WARN_COMMA = YES;
				CLANG_WARN_CONSTANT_CONVERSION = YES;
				CLANG_WARN_DEPRECATED_OBJC_IMPLEMENTATIONS = YES;
				CLANG_WARN_DIRECT_OBJC_ISA_USAGE = YES_ERROR;
				CLANG_WARN_DOCUMENTATION_COMMENTS = YES;
				CLANG_WARN_EMPTY_BODY = YES;
				CLANG_WARN_ENUM_CONVERSION = YES;
				CLANG_WARN_INFINITE_RECURSION = YES;
				CLANG_WARN_INT_CONVERSION = YES;
				CLANG_WARN_NON_LITERAL_NULL_CONVERSION = YES;
				CLANG_WARN_OBJC_IMPLICIT_RETAIN_SELF = YES;
				CLANG_WARN_OBJC_LITERAL_CONVERSION = YES;
				CLANG_WARN_OBJC_ROOT_CLASS = YES_ERROR;
				CLANG_WARN_QUOTED_INCLUDE_IN_FRAMEWORK_HEADER = YES;
				CLANG_WARN_RANGE_LOOP_ANALYSIS = YES;
				CLANG_WARN_STRICT_PROTOTYPES = YES;
				CLANG_WARN_SUSPICIOUS_MOVE = YES;
				CLANG_WARN_UNGUARDED_AVAILABILITY = YES_AGGRESSIVE;
				CLANG_WARN_UNREACHABLE_CODE = YES;
				CLANG_WARN__DUPLICATE_METHOD_MATCH = YES;
				COPY_PHASE_STRIP = NO;
				DEBUG_INFORMATION_FORMAT = "dwarf-with-dsym";
				ENABLE_NS_ASSERTIONS = NO;
				ENABLE_STRICT_OBJC_MSGSEND = YES;
				GCC_C_LANGUAGE_STANDARD = gnu11;
				GCC_NO_COMMON_BLOCKS = YES;
				GCC_WARN_64_TO_32_BIT_CONVERSION = YES;
				GCC_WARN_ABOUT_RETURN_TYPE = YES_ERROR;
				GCC_WARN_UNDECLARED_SELECTOR = YES;
				GCC_WARN_UNINITIALIZED_AUTOS = YES_AGGRESSIVE;
				GCC_WARN_UNUSED_FUNCTION = YES;
				GCC_WARN_UNUSED_VARIABLE = YES;
				IPHONEOS_DEPLOYMENT_TARGET = 16.2;
				MTL_ENABLE_DEBUG_INFO = NO;
				MTL_FAST_MATH = YES;
				SDKROOT = iphoneos;
				SWIFT_COMPILATION_MODE = wholemodule;
				SWIFT_OPTIMIZATION_LEVEL = "-O";
				VALIDATE_PRODUCT = YES;
			};
			name = Release;
		};
		0D9720252B9F7D78007CB210 /* Debug */ = {
			isa = XCBuildConfiguration;
			buildSettings = {
				ASSETCATALOG_COMPILER_APPICON_NAME = AppIcon;
				ASSETCATALOG_COMPILER_GLOBAL_ACCENT_COLOR_NAME = AccentColor;
				CODE_SIGN_STYLE = Automatic;
				CURRENT_PROJECT_VERSION = 1;
				GENERATE_INFOPLIST_FILE = YES;
				INFOPLIST_FILE = Sanjay_Sharma_MT_8890604/Info.plist;
				INFOPLIST_KEY_UIApplicationSupportsIndirectInputEvents = YES;
				INFOPLIST_KEY_UILaunchStoryboardName = LaunchScreen;
				INFOPLIST_KEY_UIMainStoryboardFile = Main;
				INFOPLIST_KEY_UISupportedInterfaceOrientations_iPad = "UIInterfaceOrientationPortrait UIInterfaceOrientationPortraitUpsideDown UIInterfaceOrientationLandscapeLeft UIInterfaceOrientationLandscapeRight";
				INFOPLIST_KEY_UISupportedInterfaceOrientations_iPhone = "UIInterfaceOrientationPortrait UIInterfaceOrientationLandscapeLeft UIInterfaceOrientationLandscapeRight";
				LD_RUNPATH_SEARCH_PATHS = (
					"$(inherited)",
					"@executable_path/Frameworks",
				);
				MARKETING_VERSION = 1.0;
				PRODUCT_BUNDLE_IDENTIFIER = "cc.Sanjay-Sharma-MT-8890604";
				PRODUCT_NAME = "$(TARGET_NAME)";
				SWIFT_EMIT_LOC_STRINGS = YES;
				SWIFT_VERSION = 5.0;
				TARGETED_DEVICE_FAMILY = "1,2";
			};
			name = Debug;
		};
		0D9720262B9F7D78007CB210 /* Release */ = {
			isa = XCBuildConfiguration;
			buildSettings = {
				ASSETCATALOG_COMPILER_APPICON_NAME = AppIcon;
				ASSETCATALOG_COMPILER_GLOBAL_ACCENT_COLOR_NAME = AccentColor;
				CODE_SIGN_STYLE = Automatic;
				CURRENT_PROJECT_VERSION = 1;
				GENERATE_INFOPLIST_FILE = YES;
				INFOPLIST_FILE = Sanjay_Sharma_MT_8890604/Info.plist;
				INFOPLIST_KEY_UIApplicationSupportsIndirectInputEvents = YES;
				INFOPLIST_KEY_UILaunchStoryboardName = LaunchScreen;
				INFOPLIST_KEY_UIMainStoryboardFile = Main;
				INFOPLIST_KEY_UISupportedInterfaceOrientations_iPad = "UIInterfaceOrientationPortrait UIInterfaceOrientationPortraitUpsideDown UIInterfaceOrientationLandscapeLeft UIInterfaceOrientationLandscapeRight";
				INFOPLIST_KEY_UISupportedInterfaceOrientations_iPhone = "UIInterfaceOrientationPortrait UIInterfaceOrientationLandscapeLeft UIInterfaceOrientationLandscapeRight";
				LD_RUNPATH_SEARCH_PATHS = (
					"$(inherited)",
					"@executable_path/Frameworks",
				);
				MARKETING_VERSION = 1.0;
				PRODUCT_BUNDLE_IDENTIFIER = "cc.Sanjay-Sharma-MT-8890604";
				PRODUCT_NAME = "$(TARGET_NAME)";
				SWIFT_EMIT_LOC_STRINGS = YES;
				SWIFT_VERSION = 5.0;
				TARGETED_DEVICE_FAMILY = "1,2";
			};
			name = Release;
		};
		0D9720282B9F7D78007CB210 /* Debug */ = {
			isa = XCBuildConfiguration;
			buildSettings = {
				ALWAYS_EMBED_SWIFT_STANDARD_LIBRARIES = YES;
				BUNDLE_LOADER = "$(TEST_HOST)";
				CODE_SIGN_STYLE = Automatic;
				CURRENT_PROJECT_VERSION = 1;
				GENERATE_INFOPLIST_FILE = YES;
				IPHONEOS_DEPLOYMENT_TARGET = 16.2;
				MARKETING_VERSION = 1.0;
				PRODUCT_BUNDLE_IDENTIFIER = "cc.Sanjay-Sharma-MT-8890604Tests";
				PRODUCT_NAME = "$(TARGET_NAME)";
				SWIFT_EMIT_LOC_STRINGS = NO;
				SWIFT_VERSION = 5.0;
				TARGETED_DEVICE_FAMILY = "1,2";
				TEST_HOST = "$(BUILT_PRODUCTS_DIR)/Sanjay_Sharma_MT_8890604.app/$(BUNDLE_EXECUTABLE_FOLDER_PATH)/Sanjay_Sharma_MT_8890604";
			};
			name = Debug;
		};
		0D9720292B9F7D78007CB210 /* Release */ = {
			isa = XCBuildConfiguration;
			buildSettings = {
				ALWAYS_EMBED_SWIFT_STANDARD_LIBRARIES = YES;
				BUNDLE_LOADER = "$(TEST_HOST)";
				CODE_SIGN_STYLE = Automatic;
				CURRENT_PROJECT_VERSION = 1;
				GENERATE_INFOPLIST_FILE = YES;
				IPHONEOS_DEPLOYMENT_TARGET = 16.2;
				MARKETING_VERSION = 1.0;
				PRODUCT_BUNDLE_IDENTIFIER = "cc.Sanjay-Sharma-MT-8890604Tests";
				PRODUCT_NAME = "$(TARGET_NAME)";
				SWIFT_EMIT_LOC_STRINGS = NO;
				SWIFT_VERSION = 5.0;
				TARGETED_DEVICE_FAMILY = "1,2";
				TEST_HOST = "$(BUILT_PRODUCTS_DIR)/Sanjay_Sharma_MT_8890604.app/$(BUNDLE_EXECUTABLE_FOLDER_PATH)/Sanjay_Sharma_MT_8890604";
			};
			name = Release;
		};
		0D97202B2B9F7D78007CB210 /* Debug */ = {
			isa = XCBuildConfiguration;
			buildSettings = {
				ALWAYS_EMBED_SWIFT_STANDARD_LIBRARIES = YES;
				CODE_SIGN_STYLE = Automatic;
				CURRENT_PROJECT_VERSION = 1;
				GENERATE_INFOPLIST_FILE = YES;
				MARKETING_VERSION = 1.0;
				PRODUCT_BUNDLE_IDENTIFIER = "cc.Sanjay-Sharma-MT-8890604UITests";
				PRODUCT_NAME = "$(TARGET_NAME)";
				SWIFT_EMIT_LOC_STRINGS = NO;
				SWIFT_VERSION = 5.0;
				TARGETED_DEVICE_FAMILY = "1,2";
				TEST_TARGET_NAME = Sanjay_Sharma_MT_8890604;
			};
			name = Debug;
		};
		0D97202C2B9F7D78007CB210 /* Release */ = {
			isa = XCBuildConfiguration;
			buildSettings = {
				ALWAYS_EMBED_SWIFT_STANDARD_LIBRARIES = YES;
				CODE_SIGN_STYLE = Automatic;
				CURRENT_PROJECT_VERSION = 1;
				GENERATE_INFOPLIST_FILE = YES;
				MARKETING_VERSION = 1.0;
				PRODUCT_BUNDLE_IDENTIFIER = "cc.Sanjay-Sharma-MT-8890604UITests";
				PRODUCT_NAME = "$(TARGET_NAME)";
				SWIFT_EMIT_LOC_STRINGS = NO;
				SWIFT_VERSION = 5.0;
				TARGETED_DEVICE_FAMILY = "1,2";
				TEST_TARGET_NAME = Sanjay_Sharma_MT_8890604;
			};
			name = Release;
		};
/* End XCBuildConfiguration section */

/* Begin XCConfigurationList section */
		0D971FF52B9F7D77007CB210 /* Build configuration list for PBXProject "Sanjay_Sharma_MT_8890604" */ = {
			isa = XCConfigurationList;
			buildConfigurations = (
				0D9720222B9F7D78007CB210 /* Debug */,
				0D9720232B9F7D78007CB210 /* Release */,
			);
			defaultConfigurationIsVisible = 0;
			defaultConfigurationName = Release;
		};
		0D9720242B9F7D78007CB210 /* Build configuration list for PBXNativeTarget "Sanjay_Sharma_MT_8890604" */ = {
			isa = XCConfigurationList;
			buildConfigurations = (
				0D9720252B9F7D78007CB210 /* Debug */,
				0D9720262B9F7D78007CB210 /* Release */,
			);
			defaultConfigurationIsVisible = 0;
			defaultConfigurationName = Release;
		};
		0D9720272B9F7D78007CB210 /* Build configuration list for PBXNativeTarget "Sanjay_Sharma_MT_8890604Tests" */ = {
			isa = XCConfigurationList;
			buildConfigurations = (
				0D9720282B9F7D78007CB210 /* Debug */,
				0D9720292B9F7D78007CB210 /* Release */,
			);
			defaultConfigurationIsVisible = 0;
			defaultConfigurationName = Release;
		};
		0D97202A2B9F7D78007CB210 /* Build configuration list for PBXNativeTarget "Sanjay_Sharma_MT_8890604UITests" */ = {
			isa = XCConfigurationList;
			buildConfigurations = (
				0D97202B2B9F7D78007CB210 /* Debug */,
				0D97202C2B9F7D78007CB210 /* Release */,
			);
			defaultConfigurationIsVisible = 0;
			defaultConfigurationName = Release;
		};
/* End XCConfigurationList section */
	};
	rootObject = 0D971FF22B9F7D77007CB210 /* Project object */;
}
